# THIS IS AN AUTOGENERATED FILE. DO NOT EDIT THIS FILE DIRECTLY.
# yarn lockfile v1


"@types/unist@^2.0.0":
  version "2.0.6"
  resolved "https://registry.npmjs.org/@types/unist/-/unist-2.0.6.tgz"
  integrity sha512-PBjIUxZHOuj0R15/xuwJYjFi+KZdNFrehocChv4g5hu6aFroHue8m0lBP0POdK2nKzbw0cgV1mws8+V/JAcEkQ==

"@unified-latex/unified-latex-builder@^1.3.1":
  version "1.3.1"
  resolved "https://registry.npmjs.org/@unified-latex/unified-latex-builder/-/unified-latex-builder-1.3.1.tgz"
  integrity sha512-X2nUVgrdGz5QwCFtQGheI3cw0DmyPKVHY6XZkOy316UVLZVGYKhvsFpdIguXGfcrlz7McyXa6NoFew3N/EP/lQ==
  dependencies:
    "@unified-latex/unified-latex-types" "^1.3.1"

"@unified-latex/unified-latex-ctan@^1.3.1":
  version "1.3.1"
  resolved "https://registry.npmjs.org/@unified-latex/unified-latex-ctan/-/unified-latex-ctan-1.3.1.tgz"
  integrity sha512-H9YonJiGiRhOYstrCX9TCsrXiZHKIoBXxT7E4XNa6TC86Zx9Lck4dH65JkW8Eb0BOO8zsFHjVuRIYVrt8MZiMQ==
  dependencies:
    "@unified-latex/unified-latex-builder" "^1.3.1"
    "@unified-latex/unified-latex-types" "^1.3.1"
    "@unified-latex/unified-latex-util-argspec" "^1.3.1"
    "@unified-latex/unified-latex-util-arguments" "^1.3.1"
    "@unified-latex/unified-latex-util-comments" "^1.3.1"
    "@unified-latex/unified-latex-util-match" "^1.3.1"
    "@unified-latex/unified-latex-util-pegjs" "^1.3.1"
    "@unified-latex/unified-latex-util-print-raw" "^1.3.1"
    "@unified-latex/unified-latex-util-render-info" "^1.3.1"
    "@unified-latex/unified-latex-util-replace" "^1.3.1"
    "@unified-latex/unified-latex-util-scan" "^1.3.1"
    "@unified-latex/unified-latex-util-split" "^1.3.1"
    "@unified-latex/unified-latex-util-trim" "^1.3.1"
    "@unified-latex/unified-latex-util-visit" "^1.3.1"
    color "^4.2.3"

"@unified-latex/unified-latex-prettier@^1.0.5":
  version "1.3.1"
  resolved "https://registry.npmjs.org/@unified-latex/unified-latex-prettier/-/unified-latex-prettier-1.3.1.tgz"
  integrity sha512-P234E5Crn3ulNor+k3CDlFo99wJvW0uCxwHvdGd4so2aMilVwmZbzQMMc2BseC5VWT5wPLlZo7ow5mQctVTf+g==
  dependencies:
    "@unified-latex/unified-latex-ctan" "^1.3.1"
    "@unified-latex/unified-latex-types" "^1.3.1"
    "@unified-latex/unified-latex-util-align" "^1.3.1"
    "@unified-latex/unified-latex-util-match" "^1.3.1"
    "@unified-latex/unified-latex-util-parse" "^1.3.1"
    "@unified-latex/unified-latex-util-pgfkeys" "^1.3.1"
    "@unified-latex/unified-latex-util-print-raw" "^1.3.1"
    "@unified-latex/unified-latex-util-trim" "^1.3.1"
    "@unified-latex/unified-latex-util-visit" "^1.3.1"
    prettier "^2.6.2"
    unified "^10.1.2"

"@unified-latex/unified-latex-types@^1.3.1":
  version "1.3.1"
  resolved "https://registry.npmjs.org/@unified-latex/unified-latex-types/-/unified-latex-types-1.3.1.tgz"
  integrity sha512-697Wc68b6HC4pG9+Gpt9hvZYJUeKQzNGY3ONTVERN3Sqfngd64i2p1Yh1dcqMxspckXaXwIn72XHRBSofITxSw==

"@unified-latex/unified-latex-util-align@^1.3.1":
  version "1.3.1"
  resolved "https://registry.npmjs.org/@unified-latex/unified-latex-util-align/-/unified-latex-util-align-1.3.1.tgz"
  integrity sha512-Ym3Xhf7sNkIqLlETkEqC5eFotvkTyXB+Ee9Y7bo1O11qZ+AhwpkyG7E2Crcjw0oToURe3xDQzjMvkNTbFL/OOQ==
  dependencies:
    "@unified-latex/unified-latex-types" "^1.3.1"
    "@unified-latex/unified-latex-util-match" "^1.3.1"
    "@unified-latex/unified-latex-util-pegjs" "^1.3.1"

"@unified-latex/unified-latex-util-argspec@^1.3.1":
  version "1.3.1"
  resolved "https://registry.npmjs.org/@unified-latex/unified-latex-util-argspec/-/unified-latex-util-argspec-1.3.1.tgz"
  integrity sha512-nKFq2ziVxJpRt6oE08HnpGMOugfgRHDsf9ydO7mzhOpVxDbVbr7y0T71CnJOwFZz6lFJJIsFv/J2yiKNtYD1TA==
  dependencies:
    "@unified-latex/unified-latex-util-pegjs" "^1.3.1"

"@unified-latex/unified-latex-util-arguments@^1.3.1":
  version "1.3.1"
  resolved "https://registry.npmjs.org/@unified-latex/unified-latex-util-arguments/-/unified-latex-util-arguments-1.3.1.tgz"
  integrity sha512-mOz6QVHE4nBEQypqN+f0PY/17HVBZ8cCjNopGKCS1o1ZEFXHvrjOPYVrJlKHpKFqmoSs6Nk4uiGISA1d9u51Aw==
  dependencies:
    "@unified-latex/unified-latex-builder" "^1.3.1"
    "@unified-latex/unified-latex-types" "^1.3.1"
    "@unified-latex/unified-latex-util-argspec" "^1.3.1"
    "@unified-latex/unified-latex-util-match" "^1.3.1"
    "@unified-latex/unified-latex-util-render-info" "^1.3.1"
    "@unified-latex/unified-latex-util-scan" "^1.3.1"
    "@unified-latex/unified-latex-util-visit" "^1.3.1"
    unified "^10.1.2"

"@unified-latex/unified-latex-util-catcode@^1.3.1":
  version "1.3.1"
  resolved "https://registry.npmjs.org/@unified-latex/unified-latex-util-catcode/-/unified-latex-util-catcode-1.3.1.tgz"
  integrity sha512-Vr++2ahMIUri1WcFND616hIjRejQRWcMH4P81zbwCY2w47OIl6oQkEffc6HTcmvlsC8dedGQp5C/xRq9EztRSQ==
  dependencies:
    "@unified-latex/unified-latex-types" "^1.3.1"
    "@unified-latex/unified-latex-util-match" "^1.3.1"
    "@unified-latex/unified-latex-util-visit" "^1.3.1"

"@unified-latex/unified-latex-util-comments@^1.3.1":
  version "1.3.1"
  resolved "https://registry.npmjs.org/@unified-latex/unified-latex-util-comments/-/unified-latex-util-comments-1.3.1.tgz"
  integrity sha512-y6ZqhhpGK+nxC19ANHWHo77GE440HjRmTvy1+p6wB3GNbILKAvwrpwLMp/tcOEs2A/p2i2BYmxBc5239trhS3Q==
  dependencies:
    "@unified-latex/unified-latex-types" "^1.3.1"
    "@unified-latex/unified-latex-util-match" "^1.3.1"
    "@unified-latex/unified-latex-util-replace" "^1.3.1"

"@unified-latex/unified-latex-util-environments@^1.3.1":
  version "1.3.1"
  resolved "https://registry.npmjs.org/@unified-latex/unified-latex-util-environments/-/unified-latex-util-environments-1.3.1.tgz"
  integrity sha512-YsZiZBKLxLKv/WX+CMQLCmhR2HeAC0ZtjgXj/aNqAP0uXN7UTC2N6SA2WodPtd7j2kMn+rv852DQCxffOU1Mfw==
  dependencies:
    "@unified-latex/unified-latex-types" "^1.3.1"
    "@unified-latex/unified-latex-util-arguments" "^1.3.1"
    "@unified-latex/unified-latex-util-match" "^1.3.1"
    "@unified-latex/unified-latex-util-print-raw" "^1.3.1"
    "@unified-latex/unified-latex-util-render-info" "^1.3.1"
    "@unified-latex/unified-latex-util-visit" "^1.3.1"
    unified "^10.1.2"

"@unified-latex/unified-latex-util-match@^1.3.1":
  version "1.3.1"
  resolved "https://registry.npmjs.org/@unified-latex/unified-latex-util-match/-/unified-latex-util-match-1.3.1.tgz"
  integrity sha512-tFgcbL8bMOVvOt9+ADzaiPZTN+P6bECu1sUNNdS/uVK+MXhr/1iJDfOkaJEoKGYEScyivS3i2gtVsJW4VM+QIQ==
  dependencies:
    "@unified-latex/unified-latex-types" "^1.3.1"
    "@unified-latex/unified-latex-util-print-raw" "^1.3.1"

"@unified-latex/unified-latex-util-parse@^1.0.5", "@unified-latex/unified-latex-util-parse@^1.3.1":
  version "1.3.1"
  resolved "https://registry.npmjs.org/@unified-latex/unified-latex-util-parse/-/unified-latex-util-parse-1.3.1.tgz"
  integrity sha512-QstGPhdZhHbRG3uafrvm5SrCYmc8WRdp3Rn67XgzVh20NHHDJ2mGbS5dQEhw4MfYcZYK5Z+JUMOEzxpm65welQ==
  dependencies:
    "@unified-latex/unified-latex-ctan" "^1.3.1"
    "@unified-latex/unified-latex-types" "^1.3.1"
    "@unified-latex/unified-latex-util-arguments" "^1.3.1"
    "@unified-latex/unified-latex-util-catcode" "^1.3.1"
    "@unified-latex/unified-latex-util-environments" "^1.3.1"
    "@unified-latex/unified-latex-util-match" "^1.3.1"
    "@unified-latex/unified-latex-util-pegjs" "^1.3.1"
    "@unified-latex/unified-latex-util-print-raw" "^1.3.1"
    "@unified-latex/unified-latex-util-trim" "^1.3.1"
    "@unified-latex/unified-latex-util-visit" "^1.3.1"
    unified "^10.1.2"

"@unified-latex/unified-latex-util-pegjs@^1.3.1":
  version "1.3.1"
  resolved "https://registry.npmjs.org/@unified-latex/unified-latex-util-pegjs/-/unified-latex-util-pegjs-1.3.1.tgz"
  integrity sha512-iRM3gteoqbVG7qr8h4byJavJOfnNlqkGcleWRG40242NxQfavVlaRtCNcBi0agyqgQ5kCgFHSvqDI8V7FvPflg==
  dependencies:
    "@unified-latex/unified-latex-types" "^1.3.1"
    "@unified-latex/unified-latex-util-match" "^1.3.1"

"@unified-latex/unified-latex-util-pgfkeys@^1.3.1":
  version "1.3.1"
  resolved "https://registry.npmjs.org/@unified-latex/unified-latex-util-pgfkeys/-/unified-latex-util-pgfkeys-1.3.1.tgz"
  integrity sha512-1UpBO8VtBvs6TwcH5TPLv8TpwJlCg1UOxLeQnJ/Yzzb2r+2oU4oZP+q81d0RTe7hXYg541i0jcTBhaWKilAWiA==
  dependencies:
    "@unified-latex/unified-latex-types" "^1.3.1"
    "@unified-latex/unified-latex-util-match" "^1.3.1"
    "@unified-latex/unified-latex-util-pegjs" "^1.3.1"
    "@unified-latex/unified-latex-util-print-raw" "^1.3.1"

"@unified-latex/unified-latex-util-print-raw@^1.0.5", "@unified-latex/unified-latex-util-print-raw@^1.3.1":
  version "1.3.1"
  resolved "https://registry.npmjs.org/@unified-latex/unified-latex-util-print-raw/-/unified-latex-util-print-raw-1.3.1.tgz"
  integrity sha512-c2LiNMdr4UBR9r+lzW3EdW7wlpcCpaeHIR5vO8vpD7KRF2sajshgeBD7ZhJ++t0axr6HTKTKy4JN12zV2UIotQ==
  dependencies:
    "@unified-latex/unified-latex-types" "^1.3.1"

"@unified-latex/unified-latex-util-render-info@^1.3.1":
  version "1.3.1"
  resolved "https://registry.npmjs.org/@unified-latex/unified-latex-util-render-info/-/unified-latex-util-render-info-1.3.1.tgz"
  integrity sha512-9eVQw0iIDiycJo+UkSF5BnjEgWCZLzTxtRwFQ3djNXSoJnrGLBKsb3Q5/ZhgkCvFgXKFgvynzRApg12sT6R99g==
  dependencies:
    "@unified-latex/unified-latex-types" "^1.3.1"
    "@unified-latex/unified-latex-util-visit" "^1.3.1"

"@unified-latex/unified-latex-util-replace@^1.3.1":
  version "1.3.1"
  resolved "https://registry.npmjs.org/@unified-latex/unified-latex-util-replace/-/unified-latex-util-replace-1.3.1.tgz"
  integrity sha512-hqYJ8eTp2ZLO13ZBT8IGCSP+EkC0UR2d3ds9xycEy+kzL1bnIno0E5g5MfIKk4A1zptPh28msbPy/8gsD/S5jg==
  dependencies:
    "@unified-latex/unified-latex-types" "^1.3.1"
    "@unified-latex/unified-latex-util-match" "^1.3.1"
    "@unified-latex/unified-latex-util-split" "^1.3.1"
    "@unified-latex/unified-latex-util-trim" "^1.3.1"
    "@unified-latex/unified-latex-util-visit" "^1.3.1"
    unified "^10.1.2"

"@unified-latex/unified-latex-util-scan@^1.3.1":
  version "1.3.1"
  resolved "https://registry.npmjs.org/@unified-latex/unified-latex-util-scan/-/unified-latex-util-scan-1.3.1.tgz"
  integrity sha512-mMG0wRKcUlz0oryeo7eKhsFEYs9W2FLPNuT4pPUgJNkVOrWMRfgnBXlY+3MeGFSM5GWa90BK3loLcMwtR0FmSw==
  dependencies:
    "@unified-latex/unified-latex-types" "^1.3.1"
    "@unified-latex/unified-latex-util-match" "^1.3.1"
    "@unified-latex/unified-latex-util-print-raw" "^1.3.1"
    trie-prefix-tree "^1.5.1"

"@unified-latex/unified-latex-util-split@^1.3.1":
  version "1.3.1"
  resolved "https://registry.npmjs.org/@unified-latex/unified-latex-util-split/-/unified-latex-util-split-1.3.1.tgz"
  integrity sha512-OCeRB2tbp7P1yzAP0tCrSBm4D3LS0angf6UH4rX7PzhxalKNyo6K4oIHsp5zavaoBtxJ7LvdNnc9hXrxhBSnIg==
  dependencies:
    "@unified-latex/unified-latex-types" "^1.3.1"
    "@unified-latex/unified-latex-util-match" "^1.3.1"

"@unified-latex/unified-latex-util-trim@^1.3.1":
  version "1.3.1"
  resolved "https://registry.npmjs.org/@unified-latex/unified-latex-util-trim/-/unified-latex-util-trim-1.3.1.tgz"
  integrity sha512-spCHOJ5fl2qqVthTnFe2jG8Tii3j/YLgN2n7ajj+BGc23o8Dv89sQNfUDOnCgvToaLdA5KeQFMixta6ewxxV0Q==
  dependencies:
    "@unified-latex/unified-latex-types" "^1.3.1"
    "@unified-latex/unified-latex-util-match" "^1.3.1"
    "@unified-latex/unified-latex-util-render-info" "^1.3.1"
    "@unified-latex/unified-latex-util-visit" "^1.3.1"
    unified "^10.1.2"

"@unified-latex/unified-latex-util-visit@^1.3.1":
  version "1.3.1"
  resolved "https://registry.npmjs.org/@unified-latex/unified-latex-util-visit/-/unified-latex-util-visit-1.3.1.tgz"
  integrity sha512-bBAA23VpPQZ6b1kDdfcTVsZqd82V3YX3nRHAIThH6cZ6802gn2cNW2DnmYV738gegcbA74LgPREPv3mkUWe+HA==
  dependencies:
    "@unified-latex/unified-latex-types" "^1.3.1"
    "@unified-latex/unified-latex-util-match" "^1.3.1"

bail@^2.0.0:
  version "2.0.2"
  resolved "https://registry.npmjs.org/bail/-/bail-2.0.2.tgz"
  integrity sha512-0xO6mYd7JB2YesxDKplafRpsiOzPt9V02ddPCLbY1xYGPOX24NTyN50qnUxgCPcSoYMhKpAuBTjQoRZCAkUDRw==

color-convert@^2.0.1:
  version "2.0.1"
  resolved "https://registry.npmjs.org/color-convert/-/color-convert-2.0.1.tgz"
  integrity sha512-RRECPsj7iu/xb5oKYcsFHSppFNnsj/52OVTRKb4zP5onXwVF3zVmmToNcOfGC+CRDpfK/U584fMg38ZHCaElKQ==
  dependencies:
    color-name "~1.1.4"

color-name@^1.0.0, color-name@~1.1.4:
  version "1.1.4"
  resolved "https://registry.npmjs.org/color-name/-/color-name-1.1.4.tgz"
  integrity sha512-dOy+3AuW3a2wNbZHIuMZpTcgjGuLU/uBL/ubcZF9OXbDo8ff4O8yVp5Bf0efS8uEoYo5q4Fx7dY9OgQGXgAsQA==

color-string@^1.9.0:
  version "1.9.1"
  resolved "https://registry.npmjs.org/color-string/-/color-string-1.9.1.tgz"
  integrity sha512-shrVawQFojnZv6xM40anx4CkoDP+fZsw/ZerEMsW/pyzsRbElpsL/DBVW7q3ExxwusdNXI3lXpuhEZkzs8p5Eg==
  dependencies:
    color-name "^1.0.0"
    simple-swizzle "^0.2.2"

color@^4.2.3:
  version "4.2.3"
  resolved "https://registry.npmjs.org/color/-/color-4.2.3.tgz"
  integrity sha512-1rXeuUUiGGrykh+CeBdu5Ie7OJwinCgQY0bc7GCRxy5xVHy+moaqkpL/jqQq0MtQOeYcrqEz4abc5f0KtU7W4A==
  dependencies:
    color-convert "^2.0.1"
    color-string "^1.9.0"

extend@^3.0.0:
  version "3.0.2"
  resolved "https://registry.npmjs.org/extend/-/extend-3.0.2.tgz"
  integrity sha512-fjquC59cD7CyW6urNXK0FBufkZcoiGG80wTuPujX590cB5Ttln20E2UB4S/WARVqhXffZl2LNgS+gQdPIIim/g==

is-arrayish@^0.3.1:
  version "0.3.2"
  resolved "https://registry.npmjs.org/is-arrayish/-/is-arrayish-0.3.2.tgz"
  integrity sha512-eVRqCvVlZbuw3GrM63ovNSNAeA1K16kaR/LRY/92w0zxQ5/1YzwblUX652i4Xs9RwAGjW9d9y6X88t8OaAJfWQ==

is-buffer@^2.0.0:
  version "2.0.5"
  resolved "https://registry.npmjs.org/is-buffer/-/is-buffer-2.0.5.tgz"
  integrity sha512-i2R6zNFDwgEHJyQUtJEk0XFi1i0dPFn/oqjK3/vPCcDeJvW5NQ83V8QbicfF1SupOaB0h8ntgBC2YiE7dfyctQ==

is-plain-obj@^4.0.0:
  version "4.1.0"
  resolved "https://registry.npmjs.org/is-plain-obj/-/is-plain-obj-4.1.0.tgz"
  integrity sha512-+Pgi+vMuUNkJyExiMBt5IlFoMyKnr5zhJ4Uspz58WOhBF5QoIZkFyNHIbBAtHwzVAgk5RtndVNsDRN61/mmDqg==

prettier-plugin-latex@^1.2.4:
  version "1.2.4"
  resolved "https://registry.npmjs.org/prettier-plugin-latex/-/prettier-plugin-latex-1.2.4.tgz"
  integrity sha512-FY83lz01385CK+cW4pC642oftuo1fqXRfyOoszEIno3ZwRqCeUTPb6gMX2ARse3xrvaua9FTY4q6v8l/h6DUGQ==
  dependencies:
    "@unified-latex/unified-latex-prettier" "^1.0.5"
    "@unified-latex/unified-latex-util-parse" "^1.0.5"
    "@unified-latex/unified-latex-util-print-raw" "^1.0.5"
    prettier "^2.6.2"

prettier@^2.6.2, prettier@^2.8.4:
  version "2.8.4"
  resolved "https://registry.npmjs.org/prettier/-/prettier-2.8.4.tgz"
  integrity sha512-vIS4Rlc2FNh0BySk3Wkd6xmwxB0FpOndW5fisM5H8hsZSxU2VWVB5CWIkIjWvrHjIhxk2g3bfMKM87zNTrZddw==

simple-swizzle@^0.2.2:
  version "0.2.2"
  resolved "https://registry.npmjs.org/simple-swizzle/-/simple-swizzle-0.2.2.tgz"
  integrity sha512-JA//kQgZtbuY83m+xT+tXJkmJncGMTFT+C+g2h2R9uxkYIrE2yy9sgmcLhCnw57/WSD+Eh3J97FPEDFnbXnDUg==
  dependencies:
    is-arrayish "^0.3.1"

trie-prefix-tree@^1.5.1:
  version "1.5.1"
  resolved "https://registry.npmjs.org/trie-prefix-tree/-/trie-prefix-tree-1.5.1.tgz"
  integrity sha512-Jjvj/dA97wXnabG/NLJUgo4IQMj6vucH+Qxm7of/omfWSmZlPqdRU6Ta4GmQqCZH+n3/iYZUwfvUoEhB0Hs83Q==

trough@^2.0.0:
  version "2.1.0"
  resolved "https://registry.npmjs.org/trough/-/trough-2.1.0.tgz"
  integrity sha512-AqTiAOLcj85xS7vQ8QkAV41hPDIJ71XJB4RCUrzo/1GM2CQwhkJGaf9Hgr7BOugMRpgGUrqRg/DrBDl4H40+8g==

unified@^10.1.2:
  version "10.1.2"
  resolved "https://registry.npmjs.org/unified/-/unified-10.1.2.tgz"
  integrity sha512-pUSWAi/RAnVy1Pif2kAoeWNBa3JVrx0MId2LASj8G+7AiHWoKZNTomq6LG326T68U7/e263X6fTdcXIy7XnF7Q==
  dependencies:
    "@types/unist" "^2.0.0"
    bail "^2.0.0"
    extend "^3.0.0"
    is-buffer "^2.0.0"
    is-plain-obj "^4.0.0"
    trough "^2.0.0"
    vfile "^5.0.0"

unist-util-stringify-position@^3.0.0:
  version "3.0.3"
  resolved "https://registry.npmjs.org/unist-util-stringify-position/-/unist-util-stringify-position-3.0.3.tgz"
  integrity sha512-k5GzIBZ/QatR8N5X2y+drfpWG8IDBzdnVj6OInRNWm1oXrzydiaAT2OQiA8DPRRZyAKb9b6I2a6PxYklZD0gKg==
  dependencies:
    "@types/unist" "^2.0.0"

vfile-message@^3.0.0:
  version "3.1.4"
  resolved "https://registry.npmjs.org/vfile-message/-/vfile-message-3.1.4.tgz"
  integrity sha512-fa0Z6P8HUrQN4BZaX05SIVXic+7kE3b05PWAtPuYP9QLHsLKYR7/AlLW3NtOrpXRLeawpDLMsVkmk5DG0NXgWw==
  dependencies:
    "@types/unist" "^2.0.0"
    unist-util-stringify-position "^3.0.0"

vfile@^5.0.0:
  version "5.3.7"
  resolved "https://registry.npmjs.org/vfile/-/vfile-5.3.7.tgz"
  integrity sha512-r7qlzkgErKjobAmyNIkkSpizsFPYiUPuJb5pNW1RB4JcYVZhs4lIbVqk8XPk033CV/1z8ss5pkax8SuhGpcG8g==
  dependencies:
    "@types/unist" "^2.0.0"
    is-buffer "^2.0.0"
    unist-util-stringify-position "^3.0.0"
    vfile-message "^3.0.0"
